
Microsoft Visual Studio Solution File, Format Version 12.00
# Visual Studio Version 16
VisualStudioVersion = 16.0.31402.337
MinimumVisualStudioVersion = 10.0.40219.1
Project("{FAE04EC0-301F-11D3-BF4B-00C04F79EFBC}") = "SeleniumTest", "SeleniumTest\SeleniumTest.csproj", "{D2AFFC36-037F-4D5F-82F7-7F017EE4828D}"
EndProject
Global
	GlobalSection(SolutionConfigurationPlatforms) = preSolution
		Debug|Any CPU = Debug|Any CPU
		Release|Any CPU = Release|Any CPU
	EndGlobalSection
	GlobalSection(ProjectConfigurationPlatforms) = postSolution
		{D2AFFC36-037F-4D5F-82F7-7F017EE4828D}.Debug|Any CPU.ActiveCfg = Debug|Any CPU
		{D2AFFC36-037F-4D5F-82F7-7F017EE4828D}.Debug|Any CPU.Build.0 = Debug|Any CPU
		{D2AFFC36-037F-4D5F-82F7-7F017EE4828D}.Release|Any CPU.ActiveCfg = Release|Any CPU
		{D2AFFC36-037F-4D5F-82F7-7F017EE4828D}.Release|Any CPU.Build.0 = Release|Any CPU
	EndGlobalSection
	GlobalSection(SolutionProperties) = preSolution
		HideSolutionNode = FALSE
	EndGlobalSection
	GlobalSection(ExtensibilityGlobals) = postSolution
		SolutionGuid = {29BF570C-4331-4EBE-9029-F0CAD47E8073}
	EndGlobalSection
EndGlobal
