
Microsoft Visual Studio Solution File, Format Version 12.00
# Visual Studio Version 16
VisualStudioVersion = 16.0.31402.337
MinimumVisualStudioVersion = 10.0.40219.1
Project("{FAE04EC0-301F-11D3-BF4B-00C04F79EFBC}") = "SeleniumwebdriverTest", "SeleniumwebdriverTest\SeleniumwebdriverTest.csproj", "{DF9B9CBF-8779-4A06-8BCD-AFE584B387D0}"
EndProject
Global
	GlobalSection(SolutionConfigurationPlatforms) = preSolution
		Debug|Any CPU = Debug|Any CPU
		Release|Any CPU = Release|Any CPU
	EndGlobalSection
	GlobalSection(ProjectConfigurationPlatforms) = postSolution
		{DF9B9CBF-8779-4A06-8BCD-AFE584B387D0}.Debug|Any CPU.ActiveCfg = Debug|Any CPU
		{DF9B9CBF-8779-4A06-8BCD-AFE584B387D0}.Debug|Any CPU.Build.0 = Debug|Any CPU
		{DF9B9CBF-8779-4A06-8BCD-AFE584B387D0}.Release|Any CPU.ActiveCfg = Release|Any CPU
		{DF9B9CBF-8779-4A06-8BCD-AFE584B387D0}.Release|Any CPU.Build.0 = Release|Any CPU
	EndGlobalSection
	GlobalSection(SolutionProperties) = preSolution
		HideSolutionNode = FALSE
	EndGlobalSection
	GlobalSection(ExtensibilityGlobals) = postSolution
		SolutionGuid = {490ECE5C-550D-4127-852F-718CD4536C94}
	EndGlobalSection
EndGlobal
